
Microsoft Visual Studio Solution File, Format Version 12.00
# Visual Studio 15
VisualStudioVersion = 15.0.27729.1
MinimumVisualStudioVersion = 10.0.40219.1
Project("{FAE04EC0-301F-11D3-BF4B-00C04F79EFBC}") = "ServiceCollectionSpike", "ServiceCollectionSpike\ServiceCollectionSpike.csproj", "{9F7B2375-7F68-4C3C-89B8-876827105907}"
EndProject
Global
	GlobalSection(SolutionConfigurationPlatforms) = preSolution
		Debug|Any CPU = Debug|Any CPU
		Release|Any CPU = Release|Any CPU
	EndGlobalSection
	GlobalSection(ProjectConfigurationPlatforms) = postSolution
		{9F7B2375-7F68-4C3C-89B8-876827105907}.Debug|Any CPU.ActiveCfg = Debug|Any CPU
		{9F7B2375-7F68-4C3C-89B8-876827105907}.Debug|Any CPU.Build.0 = Debug|Any CPU
		{9F7B2375-7F68-4C3C-89B8-876827105907}.Release|Any CPU.ActiveCfg = Release|Any CPU
		{9F7B2375-7F68-4C3C-89B8-876827105907}.Release|Any CPU.Build.0 = Release|Any CPU
	EndGlobalSection
	GlobalSection(SolutionProperties) = preSolution
		HideSolutionNode = FALSE
	EndGlobalSection
	GlobalSection(ExtensibilityGlobals) = postSolution
		SolutionGuid = {311CCB22-DE2A-4E6B-9D2D-D8B89A502320}
	EndGlobalSection
EndGlobal
